
Microsoft Visual Studio Solution File, Format Version 12.00
# Visual Studio 15
VisualStudioVersion = 15.0.28307.757
MinimumVisualStudioVersion = 10.0.40219.1
Project("{FAE04EC0-301F-11D3-BF4B-00C04F79EFBC}") = "ContourAnalysis", "ContourAnalysis\ContourAnalysis.csproj", "{3CE58B24-41E3-4E9C-96E3-CD22C0E9DE69}"
EndProject
Project("{FAE04EC0-301F-11D3-BF4B-00C04F79EFBC}") = "ContourAnalysisProcessing", "ContourAnalysisProcessing\ContourAnalysisProcessing.csproj", "{38BEC914-30E2-4B31-9460-951708A51081}"
EndProject
Project("{FAE04EC0-301F-11D3-BF4B-00C04F79EFBC}") = "ContourAnalysisDemo", "ContourAnalysisDemo\ContourAnalysisDemo.csproj", "{26684762-B2C9-4958-BC8C-985E4F74204E}"
EndProject
Global
	GlobalSection(SolutionConfigurationPlatforms) = preSolution
		Debug|Any CPU = Debug|Any CPU
		Release|Any CPU = Release|Any CPU
	EndGlobalSection
	GlobalSection(ProjectConfigurationPlatforms) = postSolution
		{3CE58B24-41E3-4E9C-96E3-CD22C0E9DE69}.Debug|Any CPU.ActiveCfg = Debug|Any CPU
		{3CE58B24-41E3-4E9C-96E3-CD22C0E9DE69}.Debug|Any CPU.Build.0 = Debug|Any CPU
		{3CE58B24-41E3-4E9C-96E3-CD22C0E9DE69}.Release|Any CPU.ActiveCfg = Release|Any CPU
		{3CE58B24-41E3-4E9C-96E3-CD22C0E9DE69}.Release|Any CPU.Build.0 = Release|Any CPU
		{38BEC914-30E2-4B31-9460-951708A51081}.Debug|Any CPU.ActiveCfg = Debug|Any CPU
		{38BEC914-30E2-4B31-9460-951708A51081}.Debug|Any CPU.Build.0 = Debug|Any CPU
		{38BEC914-30E2-4B31-9460-951708A51081}.Release|Any CPU.ActiveCfg = Release|Any CPU
		{38BEC914-30E2-4B31-9460-951708A51081}.Release|Any CPU.Build.0 = Release|Any CPU
		{26684762-B2C9-4958-BC8C-985E4F74204E}.Debug|Any CPU.ActiveCfg = Debug|Any CPU
		{26684762-B2C9-4958-BC8C-985E4F74204E}.Debug|Any CPU.Build.0 = Debug|Any CPU
		{26684762-B2C9-4958-BC8C-985E4F74204E}.Release|Any CPU.ActiveCfg = Release|Any CPU
		{26684762-B2C9-4958-BC8C-985E4F74204E}.Release|Any CPU.Build.0 = Release|Any CPU
	EndGlobalSection
	GlobalSection(SolutionProperties) = preSolution
		HideSolutionNode = FALSE
	EndGlobalSection
	GlobalSection(ExtensibilityGlobals) = postSolution
		SolutionGuid = {9FCE5B9E-F04D-45E8-A199-5B6AA39BD498}
	EndGlobalSection
EndGlobal
